
Microsoft Visual Studio Solution File, Format Version 12.00
# Visual Studio Version 17
VisualStudioVersion = 17.11.35222.181
MinimumVisualStudioVersion = 10.0.40219.1
Project("{FAE04EC0-301F-11D3-BF4B-00C04F79EFBC}") = "bhoodgrad", "bhoodgrad\bhoodgrad.csproj", "{BC428063-CEDB-4CD5-B82D-78A5DE0D0DE2}"
EndProject
Global
	GlobalSection(SolutionConfigurationPlatforms) = preSolution
		Debug|Any CPU = Debug|Any CPU
		Release|Any CPU = Release|Any CPU
	EndGlobalSection
	GlobalSection(ProjectConfigurationPlatforms) = postSolution
		{BC428063-CEDB-4CD5-B82D-78A5DE0D0DE2}.Debug|Any CPU.ActiveCfg = Debug|Any CPU
		{BC428063-CEDB-4CD5-B82D-78A5DE0D0DE2}.Debug|Any CPU.Build.0 = Debug|Any CPU
		{BC428063-CEDB-4CD5-B82D-78A5DE0D0DE2}.Release|Any CPU.ActiveCfg = Release|Any CPU
		{BC428063-CEDB-4CD5-B82D-78A5DE0D0DE2}.Release|Any CPU.Build.0 = Release|Any CPU
	EndGlobalSection
	GlobalSection(SolutionProperties) = preSolution
		HideSolutionNode = FALSE
	EndGlobalSection
	GlobalSection(ExtensibilityGlobals) = postSolution
		SolutionGuid = {35E4C321-9C7F-45F6-AC7D-10E7500B4681}
	EndGlobalSection
EndGlobal
